
Microsoft Visual Studio Solution File, Format Version 12.00
# Visual Studio Version 17
VisualStudioVersion = 17.11.35312.102
MinimumVisualStudioVersion = 10.0.40219.1
Project("{FAE04EC0-301F-11D3-BF4B-00C04F79EFBC}") = "WinUSB-WinFormsApp", "WinUSB-WinFormsApp.csproj", "{3DFC920C-E5B9-4CB7-8CB7-D48F1AB5DDCE}"
EndProject
Global
	GlobalSection(SolutionConfigurationPlatforms) = preSolution
		Debug|Any CPU = Debug|Any CPU
		Release|Any CPU = Release|Any CPU
	EndGlobalSection
	GlobalSection(ProjectConfigurationPlatforms) = postSolution
		{3DFC920C-E5B9-4CB7-8CB7-D48F1AB5DDCE}.Debug|Any CPU.ActiveCfg = Debug|Any CPU
		{3DFC920C-E5B9-4CB7-8CB7-D48F1AB5DDCE}.Debug|Any CPU.Build.0 = Debug|Any CPU
		{3DFC920C-E5B9-4CB7-8CB7-D48F1AB5DDCE}.Release|Any CPU.ActiveCfg = Release|Any CPU
		{3DFC920C-E5B9-4CB7-8CB7-D48F1AB5DDCE}.Release|Any CPU.Build.0 = Release|Any CPU
	EndGlobalSection
	GlobalSection(SolutionProperties) = preSolution
		HideSolutionNode = FALSE
	EndGlobalSection
	GlobalSection(ExtensibilityGlobals) = postSolution
		SolutionGuid = {784277D4-DB49-4167-8B93-97DC5D864179}
	EndGlobalSection
EndGlobal
